
Microsoft Visual Studio Solution File, Format Version 12.00
# Visual Studio Version 16
VisualStudioVersion = 16.0.31402.337
MinimumVisualStudioVersion = 10.0.40219.1
Project("{FAE04EC0-301F-11D3-BF4B-00C04F79EFBC}") = "RectangleProject", "RectangleProject\RectangleProject.csproj", "{F266048F-AA0F-410A-8380-DC33558B09BE}"
EndProject
Project("{FAE04EC0-301F-11D3-BF4B-00C04F79EFBC}") = "RectangleTest1", "..\RectangleTest1\RectangleTest1.csproj", "{A0498EFB-30E3-4662-B3DB-F6E1763F9B66}"
EndProject
Global
	GlobalSection(SolutionConfigurationPlatforms) = preSolution
		Debug|Any CPU = Debug|Any CPU
		Release|Any CPU = Release|Any CPU
	EndGlobalSection
	GlobalSection(ProjectConfigurationPlatforms) = postSolution
		{F266048F-AA0F-410A-8380-DC33558B09BE}.Debug|Any CPU.ActiveCfg = Debug|Any CPU
		{F266048F-AA0F-410A-8380-DC33558B09BE}.Debug|Any CPU.Build.0 = Debug|Any CPU
		{F266048F-AA0F-410A-8380-DC33558B09BE}.Release|Any CPU.ActiveCfg = Release|Any CPU
		{F266048F-AA0F-410A-8380-DC33558B09BE}.Release|Any CPU.Build.0 = Release|Any CPU
		{A0498EFB-30E3-4662-B3DB-F6E1763F9B66}.Debug|Any CPU.ActiveCfg = Debug|Any CPU
		{A0498EFB-30E3-4662-B3DB-F6E1763F9B66}.Debug|Any CPU.Build.0 = Debug|Any CPU
		{A0498EFB-30E3-4662-B3DB-F6E1763F9B66}.Release|Any CPU.ActiveCfg = Release|Any CPU
		{A0498EFB-30E3-4662-B3DB-F6E1763F9B66}.Release|Any CPU.Build.0 = Release|Any CPU
	EndGlobalSection
	GlobalSection(SolutionProperties) = preSolution
		HideSolutionNode = FALSE
	EndGlobalSection
	GlobalSection(ExtensibilityGlobals) = postSolution
		SolutionGuid = {D2AA0C96-590E-4370-97EC-550BAED0E2C9}
	EndGlobalSection
EndGlobal
